// !$*UTF8*$!
{
	archiveVersion = 1;
	classes = {
	};
	objectVersion = 51;
	objects = {

/* Begin PBXBuildFile section */
		1C1BEAE473CEBD0C5DDACC09 /* Pods_Bluetooth.framework in Frameworks */ = {isa = PBXBuildFile; fileRef = A43FC5343CC5E46E37FE9414 /* Pods_Bluetooth.framework */; };
		9E08D7F023E5123D00432706 /* GoogleService-Info.plist in Resources */ = {isa = PBXBuildFile; fileRef = 9E08D7EF23E5123D00432706 /* GoogleService-Info.plist */; };
		9E29FDAC23E2334800152000 /* BluetoothView.swift in Sources */ = {isa = PBXBuildFile; fileRef = 9E29FDAB23E2334800152000 /* BluetoothView.swift */; };
		9E29FDB023E2368B00152000 /* DevicesListView.swift in Sources */ = {isa = PBXBuildFile; fileRef = 9E29FDAF23E2368B00152000 /* DevicesListView.swift */; };
		9E37172623E3A13600E497E4 /* Home.swift in Sources */ = {isa = PBXBuildFile; fileRef = 9E37172523E3A13600E497E4 /* Home.swift */; };
		9E63601023E4EC24000300E6 /* SizeTest.swift in Sources */ = {isa = PBXBuildFile; fileRef = 9E63600F23E4EC24000300E6 /* SizeTest.swift */; };
		9E6F62B223E3A432003EB013 /* Extensions.swift in Sources */ = {isa = PBXBuildFile; fileRef = 9E6F62B123E3A432003EB013 /* Extensions.swift */; };
		9E6F62B423E3A7A1003EB013 /* CardView.swift in Sources */ = {isa = PBXBuildFile; fileRef = 9E6F62B323E3A7A1003EB013 /* CardView.swift */; };
		9E6F62B623E3B0A1003EB013 /* Store.swift in Sources */ = {isa = PBXBuildFile; fileRef = 9E6F62B523E3B0A1003EB013 /* Store.swift */; };
		9E6F62B823E3C87E003EB013 /* DetailView.swift in Sources */ = {isa = PBXBuildFile; fileRef = 9E6F62B723E3C87E003EB013 /* DetailView.swift */; };
		9E75B3DF23E4645800623461 /* Card.swift in Sources */ = {isa = PBXBuildFile; fileRef = 9E75B3DE23E4645800623461 /* Card.swift */; };
		9E75B3E123E4676200623461 /* Pagination.swift in Sources */ = {isa = PBXBuildFile; fileRef = 9E75B3E023E4676200623461 /* Pagination.swift */; };
		9E86E93423E099BF00BD29E6 /* AppDelegate.swift in Sources */ = {isa = PBXBuildFile; fileRef = 9E86E93323E099BF00BD29E6 /* AppDelegate.swift */; };
		9E86E93623E099BF00BD29E6 /* SceneDelegate.swift in Sources */ = {isa = PBXBuildFile; fileRef = 9E86E93523E099BF00BD29E6 /* SceneDelegate.swift */; };
		9E86E93823E099BF00BD29E6 /* ContentView.swift in Sources */ = {isa = PBXBuildFile; fileRef = 9E86E93723E099BF00BD29E6 /* ContentView.swift */; };
		9E86E93A23E099C300BD29E6 /* Assets.xcassets in Resources */ = {isa = PBXBuildFile; fileRef = 9E86E93923E099C300BD29E6 /* Assets.xcassets */; };
		9E86E93D23E099C300BD29E6 /* Preview Assets.xcassets in Resources */ = {isa = PBXBuildFile; fileRef = 9E86E93C23E099C300BD29E6 /* Preview Assets.xcassets */; };
		9E86E94023E099C300BD29E6 /* LaunchScreen.storyboard in Resources */ = {isa = PBXBuildFile; fileRef = 9E86E93E23E099C300BD29E6 /* LaunchScreen.storyboard */; };
		9E86E94923E099F400BD29E6 /* BluetoothManager.swift in Sources */ = {isa = PBXBuildFile; fileRef = 9E86E94823E099F400BD29E6 /* BluetoothManager.swift */; };
		9E86E94C23E0AE1100BD29E6 /* Device.swift in Sources */ = {isa = PBXBuildFile; fileRef = 9E86E94B23E0AE1100BD29E6 /* Device.swift */; };
/* End PBXBuildFile section */

/* Begin PBXFileReference section */
		382C4EB89163A10863ACB616 /* Pods-Bluetooth.release.xcconfig */ = {isa = PBXFileReference; includeInIndex = 1; lastKnownFileType = text.xcconfig; name = "Pods-Bluetooth.release.xcconfig"; path = "Target Support Files/Pods-Bluetooth/Pods-Bluetooth.release.xcconfig"; sourceTree = "<group>"; };
		61DEBBF01A53D064D3EB85D5 /* Pods-Bluetooth.debug.xcconfig */ = {isa = PBXFileReference; includeInIndex = 1; lastKnownFileType = text.xcconfig; name = "Pods-Bluetooth.debug.xcconfig"; path = "Target Support Files/Pods-Bluetooth/Pods-Bluetooth.debug.xcconfig"; sourceTree = "<group>"; };
		9E08D7EF23E5123D00432706 /* GoogleService-Info.plist */ = {isa = PBXFileReference; fileEncoding = 4; lastKnownFileType = text.plist.xml; path = "GoogleService-Info.plist"; sourceTree = "<group>"; };
		9E29FDAB23E2334800152000 /* BluetoothView.swift */ = {isa = PBXFileReference; lastKnownFileType = sourcecode.swift; path = BluetoothView.swift; sourceTree = "<group>"; };
		9E29FDAF23E2368B00152000 /* DevicesListView.swift */ = {isa = PBXFileReference; lastKnownFileType = sourcecode.swift; path = DevicesListView.swift; sourceTree = "<group>"; };
		9E37172523E3A13600E497E4 /* Home.swift */ = {isa = PBXFileReference; lastKnownFileType = sourcecode.swift; path = Home.swift; sourceTree = "<group>"; };
		9E63600F23E4EC24000300E6 /* SizeTest.swift */ = {isa = PBXFileReference; lastKnownFileType = sourcecode.swift; path = SizeTest.swift; sourceTree = "<group>"; };
		9E6F62B123E3A432003EB013 /* Extensions.swift */ = {isa = PBXFileReference; lastKnownFileType = sourcecode.swift; path = Extensions.swift; sourceTree = "<group>"; };
		9E6F62B323E3A7A1003EB013 /* CardView.swift */ = {isa = PBXFileReference; lastKnownFileType = sourcecode.swift; path = CardView.swift; sourceTree = "<group>"; };
		9E6F62B523E3B0A1003EB013 /* Store.swift */ = {isa = PBXFileReference; lastKnownFileType = sourcecode.swift; path = Store.swift; sourceTree = "<group>"; };
		9E6F62B723E3C87E003EB013 /* DetailView.swift */ = {isa = PBXFileReference; lastKnownFileType = sourcecode.swift; path = DetailView.swift; sourceTree = "<group>"; };
		9E75B3DE23E4645800623461 /* Card.swift */ = {isa = PBXFileReference; lastKnownFileType = sourcecode.swift; path = Card.swift; sourceTree = "<group>"; };
		9E75B3E023E4676200623461 /* Pagination.swift */ = {isa = PBXFileReference; lastKnownFileType = sourcecode.swift; path = Pagination.swift; sourceTree = "<group>"; };
		9E86E93023E099BF00BD29E6 /* Bluetooth.app */ = {isa = PBXFileReference; explicitFileType = wrapper.application; includeInIndex = 0; path = Bluetooth.app; sourceTree = BUILT_PRODUCTS_DIR; };
		9E86E93323E099BF00BD29E6 /* AppDelegate.swift */ = {isa = PBXFileReference; lastKnownFileType = sourcecode.swift; path = AppDelegate.swift; sourceTree = "<group>"; };
		9E86E93523E099BF00BD29E6 /* SceneDelegate.swift */ = {isa = PBXFileReference; lastKnownFileType = sourcecode.swift; path = SceneDelegate.swift; sourceTree = "<group>"; };
		9E86E93723E099BF00BD29E6 /* ContentView.swift */ = {isa = PBXFileReference; lastKnownFileType = sourcecode.swift; path = ContentView.swift; sourceTree = "<group>"; };
		9E86E93923E099C300BD29E6 /* Assets.xcassets */ = {isa = PBXFileReference; lastKnownFileType = folder.assetcatalog; path = Assets.xcassets; sourceTree = "<group>"; };
		9E86E93C23E099C300BD29E6 /* Preview Assets.xcassets */ = {isa = PBXFileReference; lastKnownFileType = folder.assetcatalog; path = "Preview Assets.xcassets"; sourceTree = "<group>"; };
		9E86E93F23E099C300BD29E6 /* Base */ = {isa = PBXFileReference; lastKnownFileType = file.storyboard; name = Base; path = Base.lproj/LaunchScreen.storyboard; sourceTree = "<group>"; };
		9E86E94123E099C300BD29E6 /* Info.plist */ = {isa = PBXFileReference; lastKnownFileType = text.plist.xml; path = Info.plist; sourceTree = "<group>"; };
		9E86E94823E099F400BD29E6 /* BluetoothManager.swift */ = {isa = PBXFileReference; lastKnownFileType = sourcecode.swift; path = BluetoothManager.swift; sourceTree = "<group>"; };
		9E86E94B23E0AE1100BD29E6 /* Device.swift */ = {isa = PBXFileReference; lastKnownFileType = sourcecode.swift; path = Device.swift; sourceTree = "<group>"; };
		A43FC5343CC5E46E37FE9414 /* Pods_Bluetooth.framework */ = {isa = PBXFileReference; explicitFileType = wrapper.framework; includeInIndex = 0; path = Pods_Bluetooth.framework; sourceTree = BUILT_PRODUCTS_DIR; };
/* End PBXFileReference section */

/* Begin PBXFrameworksBuildPhase section */
		9E86E92D23E099BF00BD29E6 /* Frameworks */ = {
			isa = PBXFrameworksBuildPhase;
			buildActionMask = 2147483647;
			files = (
				1C1BEAE473CEBD0C5DDACC09 /* Pods_Bluetooth.framework in Frameworks */,
			);
			runOnlyForDeploymentPostprocessing = 0;
		};
/* End PBXFrameworksBuildPhase section */

/* Begin PBXGroup section */
		9E29FDAA23E2333600152000 /* Views */ = {
			isa = PBXGroup;
			children = (
				9E29FDAB23E2334800152000 /* BluetoothView.swift */,
				9E29FDAF23E2368B00152000 /* DevicesListView.swift */,
				9E37172523E3A13600E497E4 /* Home.swift */,
				9E75B3E023E4676200623461 /* Pagination.swift */,
				9E6F62B323E3A7A1003EB013 /* CardView.swift */,
				9E6F62B723E3C87E003EB013 /* DetailView.swift */,
			);
			path = Views;
			sourceTree = "<group>";
		};
		9E37172723E3A1CB00E497E4 /* Utils */ = {
			isa = PBXGroup;
			children = (
				9E63600F23E4EC24000300E6 /* SizeTest.swift */,
				9E6F62B123E3A432003EB013 /* Extensions.swift */,
				9E6F62B523E3B0A1003EB013 /* Store.swift */,
			);
			path = Utils;
			sourceTree = "<group>";
		};
		9E86E92723E099BF00BD29E6 = {
			isa = PBXGroup;
			children = (
				9E86E93223E099BF00BD29E6 /* Bluetooth */,
				9E86E93123E099BF00BD29E6 /* Products */,
				A868945F87D1307C34C8A240 /* Pods */,
				AB0FB735DE6A5F4064CEEB2D /* Frameworks */,
			);
			sourceTree = "<group>";
		};
		9E86E93123E099BF00BD29E6 /* Products */ = {
			isa = PBXGroup;
			children = (
				9E86E93023E099BF00BD29E6 /* Bluetooth.app */,
			);
			name = Products;
			sourceTree = "<group>";
		};
		9E86E93223E099BF00BD29E6 /* Bluetooth */ = {
			isa = PBXGroup;
			children = (
				9E37172723E3A1CB00E497E4 /* Utils */,
				9E29FDAA23E2333600152000 /* Views */,
				9E86E94A23E0AE0100BD29E6 /* Models */,
				9E86E94723E099D400BD29E6 /* Logic */,
				9E86E93323E099BF00BD29E6 /* AppDelegate.swift */,
				9E86E93523E099BF00BD29E6 /* SceneDelegate.swift */,
				9E86E93723E099BF00BD29E6 /* ContentView.swift */,
				9E86E93923E099C300BD29E6 /* Assets.xcassets */,
				9E86E93E23E099C300BD29E6 /* LaunchScreen.storyboard */,
				9E86E94123E099C300BD29E6 /* Info.plist */,
				9E08D7EF23E5123D00432706 /* GoogleService-Info.plist */,
				9E86E93B23E099C300BD29E6 /* Preview Content */,
			);
			path = Bluetooth;
			sourceTree = "<group>";
		};
		9E86E93B23E099C300BD29E6 /* Preview Content */ = {
			isa = PBXGroup;
			children = (
				9E86E93C23E099C300BD29E6 /* Preview Assets.xcassets */,
			);
			path = "Preview Content";
			sourceTree = "<group>";
		};
		9E86E94723E099D400BD29E6 /* Logic */ = {
			isa = PBXGroup;
			children = (
				9E86E94823E099F400BD29E6 /* BluetoothManager.swift */,
			);
			path = Logic;
			sourceTree = "<group>";
		};
		9E86E94A23E0AE0100BD29E6 /* Models */ = {
			isa = PBXGroup;
			children = (
				9E75B3DE23E4645800623461 /* Card.swift */,
				9E86E94B23E0AE1100BD29E6 /* Device.swift */,
			);
			path = Models;
			sourceTree = "<group>";
		};
		A868945F87D1307C34C8A240 /* Pods */ = {
			isa = PBXGroup;
			children = (
				61DEBBF01A53D064D3EB85D5 /* Pods-Bluetooth.debug.xcconfig */,
				382C4EB89163A10863ACB616 /* Pods-Bluetooth.release.xcconfig */,
			);
			path = Pods;
			sourceTree = "<group>";
		};
		AB0FB735DE6A5F4064CEEB2D /* Frameworks */ = {
			isa = PBXGroup;
			children = (
				A43FC5343CC5E46E37FE9414 /* Pods_Bluetooth.framework */,
			);
			name = Frameworks;
			sourceTree = "<group>";
		};
/* End PBXGroup section */

/* Begin PBXNativeTarget section */
		9E86E92F23E099BF00BD29E6 /* Bluetooth */ = {
			isa = PBXNativeTarget;
			buildConfigurationList = 9E86E94423E099C300BD29E6 /* Build configuration list for PBXNativeTarget "Bluetooth" */;
			buildPhases = (
				12112E10265D2BFE5EF9359F /* [CP] Check Pods Manifest.lock */,
				9E86E92C23E099BF00BD29E6 /* Sources */,
				9E86E92D23E099BF00BD29E6 /* Frameworks */,
				9E86E92E23E099BF00BD29E6 /* Resources */,
				658C8A24F84CC617E03AB9A4 /* [CP] Embed Pods Frameworks */,
				68D1473A00C433CF5500A75F /* [CP] Copy Pods Resources */,
			);
			buildRules = (
			);
			dependencies = (
			);
			name = Bluetooth;
			productName = Bluetooth;
			productReference = 9E86E93023E099BF00BD29E6 /* Bluetooth.app */;
			productType = "com.apple.product-type.application";
		};
/* End PBXNativeTarget section */

/* Begin PBXProject section */
		9E86E92823E099BF00BD29E6 /* Project object */ = {
			isa = PBXProject;
			attributes = {
				LastSwiftUpdateCheck = 1130;
				LastUpgradeCheck = 1130;
				ORGANIZATIONNAME = Sebastian;
				TargetAttributes = {
					9E86E92F23E099BF00BD29E6 = {
						CreatedOnToolsVersion = 11.3;
					};
				};
			};
			buildConfigurationList = 9E86E92B23E099BF00BD29E6 /* Build configuration list for PBXProject "Bluetooth" */;
			compatibilityVersion = "Xcode 9.3";
			developmentRegion = en;
			hasScannedForEncodings = 0;
			knownRegions = (
				en,
				Base,
			);
			mainGroup = 9E86E92723E099BF00BD29E6;
			productRefGroup = 9E86E93123E099BF00BD29E6 /* Products */;
			projectDirPath = "";
			projectRoot = "";
			targets = (
				9E86E92F23E099BF00BD29E6 /* Bluetooth */,
			);
		};
/* End PBXProject section */

/* Begin PBXResourcesBuildPhase section */
		9E86E92E23E099BF00BD29E6 /* Resources */ = {
			isa = PBXResourcesBuildPhase;
			buildActionMask = 2147483647;
			files = (
				9E86E94023E099C300BD29E6 /* LaunchScreen.storyboard in Resources */,
				9E08D7F023E5123D00432706 /* GoogleService-Info.plist in Resources */,
				9E86E93D23E099C300BD29E6 /* Preview Assets.xcassets in Resources */,
				9E86E93A23E099C300BD29E6 /* Assets.xcassets in Resources */,
			);
			runOnlyForDeploymentPostprocessing = 0;
		};
/* End PBXResourcesBuildPhase section */

/* Begin PBXShellScriptBuildPhase section */
		12112E10265D2BFE5EF9359F /* [CP] Check Pods Manifest.lock */ = {
			isa = PBXShellScriptBuildPhase;
			buildActionMask = 2147483647;
			files = (
			);
			inputFileListPaths = (
			);
			inputPaths = (
				"${PODS_PODFILE_DIR_PATH}/Podfile.lock",
				"${PODS_ROOT}/Manifest.lock",
			);
			name = "[CP] Check Pods Manifest.lock";
			outputFileListPaths = (
			);
			outputPaths = (
				"$(DERIVED_FILE_DIR)/Pods-Bluetooth-checkManifestLockResult.txt",
			);
			runOnlyForDeploymentPostprocessing = 0;
			shellPath = /bin/sh;
			shellScript = "diff \"${PODS_PODFILE_DIR_PATH}/Podfile.lock\" \"${PODS_ROOT}/Manifest.lock\" > /dev/null\nif [ $? != 0 ] ; then\n    # print error to STDERR\n    echo \"error: The sandbox is not in sync with the Podfile.lock. Run 'pod install' or update your CocoaPods installation.\" >&2\n    exit 1\nfi\n# This output is used by Xcode 'outputs' to avoid re-running this script phase.\necho \"SUCCESS\" > \"${SCRIPT_OUTPUT_FILE_0}\"\n";
			showEnvVarsInLog = 0;
		};
		658C8A24F84CC617E03AB9A4 /* [CP] Embed Pods Frameworks */ = {
			isa = PBXShellScriptBuildPhase;
			buildActionMask = 2147483647;
			files = (
			);
			inputFileListPaths = (
				"${PODS_ROOT}/Target Support Files/Pods-Bluetooth/Pods-Bluetooth-frameworks-${CONFIGURATION}-input-files.xcfilelist",
			);
			name = "[CP] Embed Pods Frameworks";
			outputFileListPaths = (
				"${PODS_ROOT}/Target Support Files/Pods-Bluetooth/Pods-Bluetooth-frameworks-${CONFIGURATION}-output-files.xcfilelist",
			);
			runOnlyForDeploymentPostprocessing = 0;
			shellPath = /bin/sh;
			shellScript = "\"${PODS_ROOT}/Target Support Files/Pods-Bluetooth/Pods-Bluetooth-frameworks.sh\"\n";
			showEnvVarsInLog = 0;
		};
		68D1473A00C433CF5500A75F /* [CP] Copy Pods Resources */ = {
			isa = PBXShellScriptBuildPhase;
			buildActionMask = 2147483647;
			files = (
			);
			inputFileListPaths = (
				"${PODS_ROOT}/Target Support Files/Pods-Bluetooth/Pods-Bluetooth-resources-${CONFIGURATION}-input-files.xcfilelist",
			);
			name = "[CP] Copy Pods Resources";
			outputFileListPaths = (
				"${PODS_ROOT}/Target Support Files/Pods-Bluetooth/Pods-Bluetooth-resources-${CONFIGURATION}-output-files.xcfilelist",
			);
			runOnlyForDeploymentPostprocessing = 0;
			shellPath = /bin/sh;
			shellScript = "\"${PODS_ROOT}/Target Support Files/Pods-Bluetooth/Pods-Bluetooth-resources.sh\"\n";
			showEnvVarsInLog = 0;
		};
/* End PBXShellScriptBuildPhase section */

/* Begin PBXSourcesBuildPhase section */
		9E86E92C23E099BF00BD29E6 /* Sources */ = {
			isa = PBXSourcesBuildPhase;
			buildActionMask = 2147483647;
			files = (
				9E86E93423E099BF00BD29E6 /* AppDelegate.swift in Sources */,
				9E63601023E4EC24000300E6 /* SizeTest.swift in Sources */,
				9E6F62B823E3C87E003EB013 /* DetailView.swift in Sources */,
				9E29FDB023E2368B00152000 /* DevicesListView.swift in Sources */,
				9E75B3E123E4676200623461 /* Pagination.swift in Sources */,
				9E37172623E3A13600E497E4 /* Home.swift in Sources */,
				9E75B3DF23E4645800623461 /* Card.swift in Sources */,
				9E29FDAC23E2334800152000 /* BluetoothView.swift in Sources */,
				9E86E93623E099BF00BD29E6 /* SceneDelegate.swift in Sources */,
				9E6F62B223E3A432003EB013 /* Extensions.swift in Sources */,
				9E6F62B623E3B0A1003EB013 /* Store.swift in Sources */,
				9E86E94923E099F400BD29E6 /* BluetoothManager.swift in Sources */,
				9E86E93823E099BF00BD29E6 /* ContentView.swift in Sources */,
				9E6F62B423E3A7A1003EB013 /* CardView.swift in Sources */,
				9E86E94C23E0AE1100BD29E6 /* Device.swift in Sources */,
			);
			runOnlyForDeploymentPostprocessing = 0;
		};
/* End PBXSourcesBuildPhase section */

/* Begin PBXVariantGroup section */
		9E86E93E23E099C300BD29E6 /* LaunchScreen.storyboard */ = {
			isa = PBXVariantGroup;
			children = (
				9E86E93F23E099C300BD29E6 /* Base */,
			);
			name = LaunchScreen.storyboard;
			sourceTree = "<group>";
		};
/* End PBXVariantGroup section */

/* Begin XCBuildConfiguration section */
		9E86E94223E099C300BD29E6 /* Debug */ = {
			isa = XCBuildConfiguration;
			buildSettings = {
				ALWAYS_SEARCH_USER_PATHS = NO;
				CLANG_ANALYZER_NONNULL = YES;
				CLANG_ANALYZER_NUMBER_OBJECT_CONVERSION = YES_AGGRESSIVE;
				CLANG_CXX_LANGUAGE_STANDARD = "gnu++14";
				CLANG_CXX_LIBRARY = "libc++";
				CLANG_ENABLE_MODULES = YES;
				CLANG_ENABLE_OBJC_ARC = YES;
				CLANG_ENABLE_OBJC_WEAK = YES;
				CLANG_WARN_BLOCK_CAPTURE_AUTORELEASING = YES;
				CLANG_WARN_BOOL_CONVERSION = YES;
				CLANG_WARN_COMMA = YES;
				CLANG_WARN_CONSTANT_CONVERSION = YES;
				CLANG_WARN_DEPRECATED_OBJC_IMPLEMENTATIONS = YES;
				CLANG_WARN_DIRECT_OBJC_ISA_USAGE = YES_ERROR;
				CLANG_WARN_DOCUMENTATION_COMMENTS = YES;
				CLANG_WARN_EMPTY_BODY = YES;
				CLANG_WARN_ENUM_CONVERSION = YES;
				CLANG_WARN_INFINITE_RECURSION = YES;
				CLANG_WARN_INT_CONVERSION = YES;
				CLANG_WARN_NON_LITERAL_NULL_CONVERSION = YES;
				CLANG_WARN_OBJC_IMPLICIT_RETAIN_SELF = YES;
				CLANG_WARN_OBJC_LITERAL_CONVERSION = YES;
				CLANG_WARN_OBJC_ROOT_CLASS = YES_ERROR;
				CLANG_WARN_RANGE_LOOP_ANALYSIS = YES;
				CLANG_WARN_STRICT_PROTOTYPES = YES;
				CLANG_WARN_SUSPICIOUS_MOVE = YES;
				CLANG_WARN_UNGUARDED_AVAILABILITY = YES_AGGRESSIVE;
				CLANG_WARN_UNREACHABLE_CODE = YES;
				CLANG_WARN__DUPLICATE_METHOD_MATCH = YES;
				COPY_PHASE_STRIP = NO;
				DEBUG_INFORMATION_FORMAT = dwarf;
				ENABLE_STRICT_OBJC_MSGSEND = YES;
				ENABLE_TESTABILITY = YES;
				GCC_C_LANGUAGE_STANDARD = gnu11;
				GCC_DYNAMIC_NO_PIC = NO;
				GCC_NO_COMMON_BLOCKS = YES;
				GCC_OPTIMIZATION_LEVEL = 0;
				GCC_PREPROCESSOR_DEFINITIONS = (
					"DEBUG=1",
					"$(inherited)",
				);
				GCC_WARN_64_TO_32_BIT_CONVERSION = YES;
				GCC_WARN_ABOUT_RETURN_TYPE = YES_ERROR;
				GCC_WARN_UNDECLARED_SELECTOR = YES;
				GCC_WARN_UNINITIALIZED_AUTOS = YES_AGGRESSIVE;
				GCC_WARN_UNUSED_FUNCTION = YES;
				GCC_WARN_UNUSED_VARIABLE = YES;
				IPHONEOS_DEPLOYMENT_TARGET = 13.2;
				MTL_ENABLE_DEBUG_INFO = INCLUDE_SOURCE;
				MTL_FAST_MATH = YES;
				ONLY_ACTIVE_ARCH = YES;
				SDKROOT = iphoneos;
				SWIFT_ACTIVE_COMPILATION_CONDITIONS = DEBUG;
				SWIFT_OPTIMIZATION_LEVEL = "-Onone";
			};
			name = Debug;
		};
		9E86E94323E099C300BD29E6 /* Release */ = {
			isa = XCBuildConfiguration;
			buildSettings = {
				ALWAYS_SEARCH_USER_PATHS = NO;
				CLANG_ANALYZER_NONNULL = YES;
				CLANG_ANALYZER_NUMBER_OBJECT_CONVERSION = YES_AGGRESSIVE;
				CLANG_CXX_LANGUAGE_STANDARD = "gnu++14";
				CLANG_CXX_LIBRARY = "libc++";
				CLANG_ENABLE_MODULES = YES;
				CLANG_ENABLE_OBJC_ARC = YES;
				CLANG_ENABLE_OBJC_WEAK = YES;
				CLANG_WARN_BLOCK_CAPTURE_AUTORELEASING = YES;
				CLANG_WARN_BOOL_CONVERSION = YES;
				CLANG_WARN_COMMA = YES;
				CLANG_WARN_CONSTANT_CONVERSION = YES;
				CLANG_WARN_DEPRECATED_OBJC_IMPLEMENTATIONS = YES;
				CLANG_WARN_DIRECT_OBJC_ISA_USAGE = YES_ERROR;
				CLANG_WARN_DOCUMENTATION_COMMENTS = YES;
				CLANG_WARN_EMPTY_BODY = YES;
				CLANG_WARN_ENUM_CONVERSION = YES;
				CLANG_WARN_INFINITE_RECURSION = YES;
				CLANG_WARN_INT_CONVERSION = YES;
				CLANG_WARN_NON_LITERAL_NULL_CONVERSION = YES;
				CLANG_WARN_OBJC_IMPLICIT_RETAIN_SELF = YES;
				CLANG_WARN_OBJC_LITERAL_CONVERSION = YES;
				CLANG_WARN_OBJC_ROOT_CLASS = YES_ERROR;
				CLANG_WARN_RANGE_LOOP_ANALYSIS = YES;
				CLANG_WARN_STRICT_PROTOTYPES = YES;
				CLANG_WARN_SUSPICIOUS_MOVE = YES;
				CLANG_WARN_UNGUARDED_AVAILABILITY = YES_AGGRESSIVE;
				CLANG_WARN_UNREACHABLE_CODE = YES;
				CLANG_WARN__DUPLICATE_METHOD_MATCH = YES;
				COPY_PHASE_STRIP = NO;
				DEBUG_INFORMATION_FORMAT = "dwarf-with-dsym";
				ENABLE_NS_ASSERTIONS = NO;
				ENABLE_STRICT_OBJC_MSGSEND = YES;
				GCC_C_LANGUAGE_STANDARD = gnu11;
				GCC_NO_COMMON_BLOCKS = YES;
				GCC_WARN_64_TO_32_BIT_CONVERSION = YES;
				GCC_WARN_ABOUT_RETURN_TYPE = YES_ERROR;
				GCC_WARN_UNDECLARED_SELECTOR = YES;
				GCC_WARN_UNINITIALIZED_AUTOS = YES_AGGRESSIVE;
				GCC_WARN_UNUSED_FUNCTION = YES;
				GCC_WARN_UNUSED_VARIABLE = YES;
				IPHONEOS_DEPLOYMENT_TARGET = 13.2;
				MTL_ENABLE_DEBUG_INFO = NO;
				MTL_FAST_MATH = YES;
				SDKROOT = iphoneos;
				SWIFT_COMPILATION_MODE = wholemodule;
				SWIFT_OPTIMIZATION_LEVEL = "-O";
				VALIDATE_PRODUCT = YES;
			};
			name = Release;
		};
		9E86E94523E099C300BD29E6 /* Debug */ = {
			isa = XCBuildConfiguration;
			baseConfigurationReference = 61DEBBF01A53D064D3EB85D5 /* Pods-Bluetooth.debug.xcconfig */;
			buildSettings = {
				ASSETCATALOG_COMPILER_APPICON_NAME = AppIcon;
				CODE_SIGN_STYLE = Automatic;
				DEVELOPMENT_ASSET_PATHS = "\"Bluetooth/Preview Content\"";
				DEVELOPMENT_TEAM = 3Y23GAF8SV;
				ENABLE_PREVIEWS = YES;
				INFOPLIST_FILE = Bluetooth/Info.plist;
				LD_RUNPATH_SEARCH_PATHS = (
					"$(inherited)",
					"@executable_path/Frameworks",
				);
				PRODUCT_BUNDLE_IDENTIFIER = com.seebgar.Bluetooth;
				PRODUCT_NAME = "$(TARGET_NAME)";
				SWIFT_VERSION = 5.0;
				TARGETED_DEVICE_FAMILY = "1,2";
			};
			name = Debug;
		};
		9E86E94623E099C300BD29E6 /* Release */ = {
			isa = XCBuildConfiguration;
			baseConfigurationReference = 382C4EB89163A10863ACB616 /* Pods-Bluetooth.release.xcconfig */;
			buildSettings = {
				ASSETCATALOG_COMPILER_APPICON_NAME = AppIcon;
				CODE_SIGN_STYLE = Automatic;
				DEVELOPMENT_ASSET_PATHS = "\"Bluetooth/Preview Content\"";
				DEVELOPMENT_TEAM = 3Y23GAF8SV;
				ENABLE_PREVIEWS = YES;
				INFOPLIST_FILE = Bluetooth/Info.plist;
				LD_RUNPATH_SEARCH_PATHS = (
					"$(inherited)",
					"@executable_path/Frameworks",
				);
				PRODUCT_BUNDLE_IDENTIFIER = com.seebgar.Bluetooth;
				PRODUCT_NAME = "$(TARGET_NAME)";
				SWIFT_VERSION = 5.0;
				TARGETED_DEVICE_FAMILY = "1,2";
			};
			name = Release;
		};
/* End XCBuildConfiguration section */

/* Begin XCConfigurationList section */
		9E86E92B23E099BF00BD29E6 /* Build configuration list for PBXProject "Bluetooth" */ = {
			isa = XCConfigurationList;
			buildConfigurations = (
				9E86E94223E099C300BD29E6 /* Debug */,
				9E86E94323E099C300BD29E6 /* Release */,
			);
			defaultConfigurationIsVisible = 0;
			defaultConfigurationName = Release;
		};
		9E86E94423E099C300BD29E6 /* Build configuration list for PBXNativeTarget "Bluetooth" */ = {
			isa = XCConfigurationList;
			buildConfigurations = (
				9E86E94523E099C300BD29E6 /* Debug */,
				9E86E94623E099C300BD29E6 /* Release */,
			);
			defaultConfigurationIsVisible = 0;
			defaultConfigurationName = Release;
		};
/* End XCConfigurationList section */
	};
	rootObject = 9E86E92823E099BF00BD29E6 /* Project object */;
}
